
Microsoft Visual Studio Solution File, Format Version 12.00
# Visual Studio Version 17
VisualStudioVersion = 17.6.33801.468
MinimumVisualStudioVersion = 10.0.40219.1
Project("{FAE04EC0-301F-11D3-BF4B-00C04F79EFBC}") = "PocMvcAPP", "PocMvcAPP.csproj", "{00CACB9E-D4ED-484B-A3F5-D64BE1B16CD9}"
EndProject
Global
	GlobalSection(SolutionConfigurationPlatforms) = preSolution
		Debug|Any CPU = Debug|Any CPU
		Release|Any CPU = Release|Any CPU
	EndGlobalSection
	GlobalSection(ProjectConfigurationPlatforms) = postSolution
		{00CACB9E-D4ED-484B-A3F5-D64BE1B16CD9}.Debug|Any CPU.ActiveCfg = Debug|Any CPU
		{00CACB9E-D4ED-484B-A3F5-D64BE1B16CD9}.Debug|Any CPU.Build.0 = Debug|Any CPU
		{00CACB9E-D4ED-484B-A3F5-D64BE1B16CD9}.Release|Any CPU.ActiveCfg = Release|Any CPU
		{00CACB9E-D4ED-484B-A3F5-D64BE1B16CD9}.Release|Any CPU.Build.0 = Release|Any CPU
	EndGlobalSection
	GlobalSection(SolutionProperties) = preSolution
		HideSolutionNode = FALSE
	EndGlobalSection
	GlobalSection(ExtensibilityGlobals) = postSolution
		SolutionGuid = {05E500FB-A840-491B-A996-8B556749E5D7}
	EndGlobalSection
EndGlobal
